
Microsoft Visual Studio Solution File, Format Version 12.00
# Visual Studio Version 17
VisualStudioVersion = 17.0.31903.59
MinimumVisualStudioVersion = 10.0.40219.1
Project("{FAE04EC0-301F-11D3-BF4B-00C04F79EFBC}") = "Estoque.Api", "Estoque.Api\Estoque.Api.csproj", "{9FE5F331-CE0F-49FF-9A0D-34A40FEB0B10}"
EndProject
Project("{FAE04EC0-301F-11D3-BF4B-00C04F79EFBC}") = "Estoque.Cli", "Estoque.Cli\Estoque.Cli.csproj", "{02A64609-D11D-441A-8E93-48A7B9683124}"
EndProject
Global
	GlobalSection(SolutionConfigurationPlatforms) = preSolution
		Debug|Any CPU = Debug|Any CPU
		Release|Any CPU = Release|Any CPU
	EndGlobalSection
	GlobalSection(SolutionProperties) = preSolution
		HideSolutionNode = FALSE
	EndGlobalSection
	GlobalSection(ProjectConfigurationPlatforms) = postSolution
		{9FE5F331-CE0F-49FF-9A0D-34A40FEB0B10}.Debug|Any CPU.ActiveCfg = Debug|Any CPU
		{9FE5F331-CE0F-49FF-9A0D-34A40FEB0B10}.Debug|Any CPU.Build.0 = Debug|Any CPU
		{9FE5F331-CE0F-49FF-9A0D-34A40FEB0B10}.Release|Any CPU.ActiveCfg = Release|Any CPU
		{9FE5F331-CE0F-49FF-9A0D-34A40FEB0B10}.Release|Any CPU.Build.0 = Release|Any CPU
		{02A64609-D11D-441A-8E93-48A7B9683124}.Debug|Any CPU.ActiveCfg = Debug|Any CPU
		{02A64609-D11D-441A-8E93-48A7B9683124}.Debug|Any CPU.Build.0 = Debug|Any CPU
		{02A64609-D11D-441A-8E93-48A7B9683124}.Release|Any CPU.ActiveCfg = Release|Any CPU
		{02A64609-D11D-441A-8E93-48A7B9683124}.Release|Any CPU.Build.0 = Release|Any CPU
	EndGlobalSection
EndGlobal
